
Microsoft Visual Studio Solution File, Format Version 12.00
# Visual Studio Version 17
VisualStudioVersion = 17.10.35004.147
MinimumVisualStudioVersion = 10.0.40219.1
Project("{9A19103F-16F7-4668-BE54-9A1E7A4F7556}") = "UrlShortenerApi", "UrlShortenerApi\UrlShortenerApi.csproj", "{E17F1A8A-D0F7-4B0A-BE88-204FAAEA37B7}"
EndProject
Project("{9A19103F-16F7-4668-BE54-9A1E7A4F7556}") = "UrlShortenerApi.Entity", "UrlShortenerApi.Entity\UrlShortenerApi.Entity.csproj", "{64F06245-5F10-4E2F-8806-9CAEB75172AD}"
EndProject
Project("{9A19103F-16F7-4668-BE54-9A1E7A4F7556}") = "UrlShortenerApi.Repository", "UrlShortenerApi.Repository\UrlShortenerApi.Repository.csproj", "{2F3D9AAA-8350-465D-9B7E-1F756B846C55}"
EndProject
Project("{9A19103F-16F7-4668-BE54-9A1E7A4F7556}") = "UrlShortenerApi.Service", "UrlShortenerApi.Service\UrlShortenerApi.Service.csproj", "{3E363731-0317-4D97-A6F1-F86CF99C26A7}"
EndProject
Global
	GlobalSection(SolutionConfigurationPlatforms) = preSolution
		Debug|Any CPU = Debug|Any CPU
		Release|Any CPU = Release|Any CPU
	EndGlobalSection
	GlobalSection(ProjectConfigurationPlatforms) = postSolution
		{E17F1A8A-D0F7-4B0A-BE88-204FAAEA37B7}.Debug|Any CPU.ActiveCfg = Debug|Any CPU
		{E17F1A8A-D0F7-4B0A-BE88-204FAAEA37B7}.Debug|Any CPU.Build.0 = Debug|Any CPU
		{E17F1A8A-D0F7-4B0A-BE88-204FAAEA37B7}.Release|Any CPU.ActiveCfg = Release|Any CPU
		{E17F1A8A-D0F7-4B0A-BE88-204FAAEA37B7}.Release|Any CPU.Build.0 = Release|Any CPU
		{64F06245-5F10-4E2F-8806-9CAEB75172AD}.Debug|Any CPU.ActiveCfg = Debug|Any CPU
		{64F06245-5F10-4E2F-8806-9CAEB75172AD}.Debug|Any CPU.Build.0 = Debug|Any CPU
		{64F06245-5F10-4E2F-8806-9CAEB75172AD}.Release|Any CPU.ActiveCfg = Release|Any CPU
		{64F06245-5F10-4E2F-8806-9CAEB75172AD}.Release|Any CPU.Build.0 = Release|Any CPU
		{2F3D9AAA-8350-465D-9B7E-1F756B846C55}.Debug|Any CPU.ActiveCfg = Debug|Any CPU
		{2F3D9AAA-8350-465D-9B7E-1F756B846C55}.Debug|Any CPU.Build.0 = Debug|Any CPU
		{2F3D9AAA-8350-465D-9B7E-1F756B846C55}.Release|Any CPU.ActiveCfg = Release|Any CPU
		{2F3D9AAA-8350-465D-9B7E-1F756B846C55}.Release|Any CPU.Build.0 = Release|Any CPU
		{3E363731-0317-4D97-A6F1-F86CF99C26A7}.Debug|Any CPU.ActiveCfg = Debug|Any CPU
		{3E363731-0317-4D97-A6F1-F86CF99C26A7}.Debug|Any CPU.Build.0 = Debug|Any CPU
		{3E363731-0317-4D97-A6F1-F86CF99C26A7}.Release|Any CPU.ActiveCfg = Release|Any CPU
		{3E363731-0317-4D97-A6F1-F86CF99C26A7}.Release|Any CPU.Build.0 = Release|Any CPU
	EndGlobalSection
	GlobalSection(SolutionProperties) = preSolution
		HideSolutionNode = FALSE
	EndGlobalSection
	GlobalSection(ExtensibilityGlobals) = postSolution
		SolutionGuid = {C187F337-8023-4840-AAFD-866E4AAD27A2}
	EndGlobalSection
EndGlobal
